# This file is automatically @generated by Poetry 1.8.4 and should not be changed by hand.

[[package]]
name = "faker"
version = "33.0.0"
description = "Faker is a Python package that generates fake data for you."
optional = false
python-versions = ">=3.8"
files = [
    {file = "Faker-33.0.0-py3-none-any.whl", hash = "sha256:68e5580cb6b4226710886e595eabc13127149d6e71e9d1db65506a7fbe2c7fce"},
    {file = "faker-33.0.0.tar.gz", hash = "sha256:9b01019c1ddaf2253ca2308c0472116e993f4ad8fc9905f82fa965e0c6f932e9"},
]

[package.dependencies]
python-dateutil = ">=2.4"
typing-extensions = "*"

[[package]]
name = "phone-gen"
version = "3.0.7"
description = "International phone number generation"
optional = false
python-versions = ">=3.8"
files = [
    {file = "phone_gen-3.0.7-py3-none-any.whl", hash = "sha256:de01a28ffcd02ef9df6e64d7b3f1a6974a347a9311b93b4e8bfa5c6dec5c1a3a"},
    {file = "phone_gen-3.0.7.tar.gz", hash = "sha256:4bf1de8ca7792a0e503be348498c75a0acbd62102abc7455e1f141e7f3a940e1"},
]

[package.dependencies]
string-gen = ">=0.1.0"

[[package]]
name = "phone-number-generator"
version = "0.1.1"
description = "All countries phone number generator."
optional = false
python-versions = "*"
files = [
    {file = "phone_number_generator-0.1.1.tar.gz", hash = "sha256:0cda3244d2d7ae64542ea7ba7fd5fad648bae309b14f19852dda6ac47fa191c2"},
]

[[package]]
name = "phonenumbers"
version = "8.13.50"
description = "Python version of Google's common library for parsing, formatting, storing and validating international phone numbers."
optional = false
python-versions = "*"
files = [
    {file = "phonenumbers-8.13.50-py2.py3-none-any.whl", hash = "sha256:bb95dbc0d9979c51f7ad94bcd780784938958861fbb4b75a2fe39ccd3d58954a"},
    {file = "phonenumbers-8.13.50.tar.gz", hash = "sha256:e05ac6fb7b98c6d719a87ea895b9fc153673b4a51f455ec9afaf557ef4629da6"},
]

[[package]]
name = "python-dateutil"
version = "2.9.0.post0"
description = "Extensions to the standard Python datetime module"
optional = false
python-versions = "!=3.0.*,!=3.1.*,!=3.2.*,>=2.7"
files = [
    {file = "python-dateutil-2.9.0.post0.tar.gz", hash = "sha256:37dd54208da7e1cd875388217d5e00ebd4179249f90fb72437e91a35459a0ad3"},
    {file = "python_dateutil-2.9.0.post0-py2.py3-none-any.whl", hash = "sha256:a8b2bc7bffae282281c8140a97d3aa9c14da0b136dfe83f850eea9a5f7470427"},
]

[package.dependencies]
six = ">=1.5"

[[package]]
name = "six"
version = "1.16.0"
description = "Python 2 and 3 compatibility utilities"
optional = false
python-versions = ">=2.7, !=3.0.*, !=3.1.*, !=3.2.*"
files = [
    {file = "six-1.16.0-py2.py3-none-any.whl", hash = "sha256:8abb2f1d86890a2dfb989f9a77cfcfd3e47c2a354b01111771326f8aa26e0254"},
    {file = "six-1.16.0.tar.gz", hash = "sha256:1e61c37477a1626458e36f7b1d82aa5c9b094fa4802892072e49de9c60c4c926"},
]

[[package]]
name = "string-gen"
version = "0.1.0"
description = "String generator by regex"
optional = false
python-versions = ">=3.8"
files = [
    {file = "string_gen-0.1.0-py3-none-any.whl", hash = "sha256:80784301a09acfb30054e957b172a16b0445f569261790cd2bd53e6474f773e0"},
    {file = "string_gen-0.1.0.tar.gz", hash = "sha256:65a6bd501e538df58dab647ad40dba16f4d187368d0e4afd415ad2b651f95552"},
]

[[package]]
name = "typing-extensions"
version = "4.12.2"
description = "Backported and Experimental Type Hints for Python 3.8+"
optional = false
python-versions = ">=3.8"
files = [
    {file = "typing_extensions-4.12.2-py3-none-any.whl", hash = "sha256:04e5ca0351e0f3f85c6853954072df659d0d13fac324d0072316b67d7794700d"},
    {file = "typing_extensions-4.12.2.tar.gz", hash = "sha256:1a7ead55c7e559dd4dee8856e3a88b41225abfe1ce8df57b7c13915fe121ffb8"},
]

[metadata]
lock-version = "2.0"
python-versions = "^3.11"
content-hash = "45f0cab8d84ca358a72c24e8598d031efb87faf4f35fb16caeb0e41efd44fa75"
